
Microsoft Visual Studio Solution File, Format Version 12.00
# Visual Studio 15
VisualStudioVersion = 15.0.28010.2046
MinimumVisualStudioVersion = 10.0.40219.1
Project("{FAE04EC0-301F-11D3-BF4B-00C04F79EFBC}") = "warsztaty1.web", "warsztaty1.web\warsztaty1.web.csproj", "{A66B9E25-032C-4B76-B234-50249B0B00CC}"
EndProject
Project("{FAE04EC0-301F-11D3-BF4B-00C04F79EFBC}") = "Warsztaty.ViewModel", "WarsztatyViewModel\Warsztaty.ViewModel.csproj", "{263897ED-0B72-4625-B4C5-1ABDB5850E20}"
EndProject
Project("{FAE04EC0-301F-11D3-BF4B-00C04F79EFBC}") = "Warsztaty.Core", "Warsztaty.Core\Warsztaty.Core.csproj", "{17224B77-53BC-483E-B154-1B065E644D0E}"
EndProject
Global
	GlobalSection(SolutionConfigurationPlatforms) = preSolution
		Debug|Any CPU = Debug|Any CPU
		Release|Any CPU = Release|Any CPU
	EndGlobalSection
	GlobalSection(ProjectConfigurationPlatforms) = postSolution
		{A66B9E25-032C-4B76-B234-50249B0B00CC}.Debug|Any CPU.ActiveCfg = Debug|Any CPU
		{A66B9E25-032C-4B76-B234-50249B0B00CC}.Debug|Any CPU.Build.0 = Debug|Any CPU
		{A66B9E25-032C-4B76-B234-50249B0B00CC}.Release|Any CPU.ActiveCfg = Release|Any CPU
		{A66B9E25-032C-4B76-B234-50249B0B00CC}.Release|Any CPU.Build.0 = Release|Any CPU
		{263897ED-0B72-4625-B4C5-1ABDB5850E20}.Debug|Any CPU.ActiveCfg = Debug|Any CPU
		{263897ED-0B72-4625-B4C5-1ABDB5850E20}.Debug|Any CPU.Build.0 = Debug|Any CPU
		{263897ED-0B72-4625-B4C5-1ABDB5850E20}.Release|Any CPU.ActiveCfg = Release|Any CPU
		{263897ED-0B72-4625-B4C5-1ABDB5850E20}.Release|Any CPU.Build.0 = Release|Any CPU
		{17224B77-53BC-483E-B154-1B065E644D0E}.Debug|Any CPU.ActiveCfg = Debug|Any CPU
		{17224B77-53BC-483E-B154-1B065E644D0E}.Debug|Any CPU.Build.0 = Debug|Any CPU
		{17224B77-53BC-483E-B154-1B065E644D0E}.Release|Any CPU.ActiveCfg = Release|Any CPU
		{17224B77-53BC-483E-B154-1B065E644D0E}.Release|Any CPU.Build.0 = Release|Any CPU
	EndGlobalSection
	GlobalSection(SolutionProperties) = preSolution
		HideSolutionNode = FALSE
	EndGlobalSection
	GlobalSection(ExtensibilityGlobals) = postSolution
		SolutionGuid = {49F6E275-374A-4DAD-82FC-0E36AA35D959}
	EndGlobalSection
EndGlobal
